// !$*UTF8*$!
{
	archiveVersion = 1;
	classes = {
	};
	objectVersion = 46;
	objects = {

/* Begin PBXBuildFile section */
		847F22261B6A32AB00A4BDAC /* main.m in Sources */ = {isa = PBXBuildFile; fileRef = 847F22251B6A32AB00A4BDAC /* main.m */; };
		847F22291B6A32AB00A4BDAC /* AppDelegate.m in Sources */ = {isa = PBXBuildFile; fileRef = 847F22281B6A32AB00A4BDAC /* AppDelegate.m */; };
		847F222C1B6A32AB00A4BDAC /* ViewController.m in Sources */ = {isa = PBXBuildFile; fileRef = 847F222B1B6A32AB00A4BDAC /* ViewController.m */; };
		847F222F1B6A32AB00A4BDAC /* Main.storyboard in Resources */ = {isa = PBXBuildFile; fileRef = 847F222D1B6A32AB00A4BDAC /* Main.storyboard */; };
		847F22311B6A32AB00A4BDAC /* Images.xcassets in Resources */ = {isa = PBXBuildFile; fileRef = 847F22301B6A32AB00A4BDAC /* Images.xcassets */; };
		847F22341B6A32AB00A4BDAC /* LaunchScreen.xib in Resources */ = {isa = PBXBuildFile; fileRef = 847F22321B6A32AB00A4BDAC /* LaunchScreen.xib */; };
		847F22401B6A32AB00A4BDAC /* TestButtonTests.m in Sources */ = {isa = PBXBuildFile; fileRef = 847F223F1B6A32AB00A4BDAC /* TestButtonTests.m */; };
		847F224A1B6A32C600A4BDAC /* fontawesome-webfont.ttf in Resources */ = {isa = PBXBuildFile; fileRef = 847F22491B6A32C600A4BDAC /* fontawesome-webfont.ttf */; };
		84802DF81BF9BF6700DF6D78 /* NSString+LLBootstrapString.m in Sources */ = {isa = PBXBuildFile; fileRef = 84802DF71BF9BF6700DF6D78 /* NSString+LLBootstrapString.m */; settings = {ASSET_TAGS = (); }; };
		84802DFB1BF9C2E100DF6D78 /* UITextView+LLBootstrapText.m in Sources */ = {isa = PBXBuildFile; fileRef = 84802DFA1BF9C2E100DF6D78 /* UITextView+LLBootstrapText.m */; settings = {ASSET_TAGS = (); }; };
		84802DFE1BF9CB5800DF6D78 /* UIButton+LLBootstrap.m in Sources */ = {isa = PBXBuildFile; fileRef = 84802DFD1BF9CB5800DF6D78 /* UIButton+LLBootstrap.m */; settings = {ASSET_TAGS = (); }; };
/* End PBXBuildFile section */

/* Begin PBXContainerItemProxy section */
		847F223A1B6A32AB00A4BDAC /* PBXContainerItemProxy */ = {
			isa = PBXContainerItemProxy;
			containerPortal = 847F22181B6A32AB00A4BDAC /* Project object */;
			proxyType = 1;
			remoteGlobalIDString = 847F221F1B6A32AB00A4BDAC;
			remoteInfo = TestButton;
		};
/* End PBXContainerItemProxy section */

/* Begin PBXFileReference section */
		847F22201B6A32AB00A4BDAC /* TestButton.app */ = {isa = PBXFileReference; explicitFileType = wrapper.application; includeInIndex = 0; path = TestButton.app; sourceTree = BUILT_PRODUCTS_DIR; };
		847F22241B6A32AB00A4BDAC /* Info.plist */ = {isa = PBXFileReference; lastKnownFileType = text.plist.xml; path = Info.plist; sourceTree = "<group>"; };
		847F22251B6A32AB00A4BDAC /* main.m */ = {isa = PBXFileReference; lastKnownFileType = sourcecode.c.objc; path = main.m; sourceTree = "<group>"; };
		847F22271B6A32AB00A4BDAC /* AppDelegate.h */ = {isa = PBXFileReference; lastKnownFileType = sourcecode.c.h; path = AppDelegate.h; sourceTree = "<group>"; };
		847F22281B6A32AB00A4BDAC /* AppDelegate.m */ = {isa = PBXFileReference; lastKnownFileType = sourcecode.c.objc; path = AppDelegate.m; sourceTree = "<group>"; };
		847F222A1B6A32AB00A4BDAC /* ViewController.h */ = {isa = PBXFileReference; lastKnownFileType = sourcecode.c.h; path = ViewController.h; sourceTree = "<group>"; };
		847F222B1B6A32AB00A4BDAC /* ViewController.m */ = {isa = PBXFileReference; lastKnownFileType = sourcecode.c.objc; path = ViewController.m; sourceTree = "<group>"; };
		847F222E1B6A32AB00A4BDAC /* Base */ = {isa = PBXFileReference; lastKnownFileType = file.storyboard; name = Base; path = Base.lproj/Main.storyboard; sourceTree = "<group>"; };
		847F22301B6A32AB00A4BDAC /* Images.xcassets */ = {isa = PBXFileReference; lastKnownFileType = folder.assetcatalog; path = Images.xcassets; sourceTree = "<group>"; };
		847F22331B6A32AB00A4BDAC /* Base */ = {isa = PBXFileReference; lastKnownFileType = file.xib; name = Base; path = Base.lproj/LaunchScreen.xib; sourceTree = "<group>"; };
		847F22391B6A32AB00A4BDAC /* TestButtonTests.xctest */ = {isa = PBXFileReference; explicitFileType = wrapper.cfbundle; includeInIndex = 0; path = TestButtonTests.xctest; sourceTree = BUILT_PRODUCTS_DIR; };
		847F223E1B6A32AB00A4BDAC /* Info.plist */ = {isa = PBXFileReference; lastKnownFileType = text.plist.xml; path = Info.plist; sourceTree = "<group>"; };
		847F223F1B6A32AB00A4BDAC /* TestButtonTests.m */ = {isa = PBXFileReference; lastKnownFileType = sourcecode.c.objc; path = TestButtonTests.m; sourceTree = "<group>"; };
		847F22491B6A32C600A4BDAC /* fontawesome-webfont.ttf */ = {isa = PBXFileReference; lastKnownFileType = file; path = "fontawesome-webfont.ttf"; sourceTree = "<group>"; };
		84802DF61BF9BF6700DF6D78 /* NSString+LLBootstrapString.h */ = {isa = PBXFileReference; fileEncoding = 4; lastKnownFileType = sourcecode.c.h; path = "NSString+LLBootstrapString.h"; sourceTree = "<group>"; };
		84802DF71BF9BF6700DF6D78 /* NSString+LLBootstrapString.m */ = {isa = PBXFileReference; fileEncoding = 4; lastKnownFileType = sourcecode.c.objc; path = "NSString+LLBootstrapString.m"; sourceTree = "<group>"; };
		84802DF91BF9C2E100DF6D78 /* UITextView+LLBootstrapText.h */ = {isa = PBXFileReference; fileEncoding = 4; lastKnownFileType = sourcecode.c.h; path = "UITextView+LLBootstrapText.h"; sourceTree = "<group>"; };
		84802DFA1BF9C2E100DF6D78 /* UITextView+LLBootstrapText.m */ = {isa = PBXFileReference; fileEncoding = 4; lastKnownFileType = sourcecode.c.objc; path = "UITextView+LLBootstrapText.m"; sourceTree = "<group>"; };
		84802DFC1BF9CB5800DF6D78 /* UIButton+LLBootstrap.h */ = {isa = PBXFileReference; fileEncoding = 4; lastKnownFileType = sourcecode.c.h; path = "UIButton+LLBootstrap.h"; sourceTree = "<group>"; };
		84802DFD1BF9CB5800DF6D78 /* UIButton+LLBootstrap.m */ = {isa = PBXFileReference; fileEncoding = 4; lastKnownFileType = sourcecode.c.objc; path = "UIButton+LLBootstrap.m"; sourceTree = "<group>"; };
/* End PBXFileReference section */

/* Begin PBXFrameworksBuildPhase section */
		847F221D1B6A32AB00A4BDAC /* Frameworks */ = {
			isa = PBXFrameworksBuildPhase;
			buildActionMask = 2147483647;
			files = (
			);
			runOnlyForDeploymentPostprocessing = 0;
		};
		847F22361B6A32AB00A4BDAC /* Frameworks */ = {
			isa = PBXFrameworksBuildPhase;
			buildActionMask = 2147483647;
			files = (
			);
			runOnlyForDeploymentPostprocessing = 0;
		};
/* End PBXFrameworksBuildPhase section */

/* Begin PBXGroup section */
		847F22171B6A32AB00A4BDAC = {
			isa = PBXGroup;
			children = (
				847F22221B6A32AB00A4BDAC /* TestButton */,
				847F223C1B6A32AB00A4BDAC /* TestButtonTests */,
				847F22211B6A32AB00A4BDAC /* Products */,
			);
			sourceTree = "<group>";
		};
		847F22211B6A32AB00A4BDAC /* Products */ = {
			isa = PBXGroup;
			children = (
				847F22201B6A32AB00A4BDAC /* TestButton.app */,
				847F22391B6A32AB00A4BDAC /* TestButtonTests.xctest */,
			);
			name = Products;
			sourceTree = "<group>";
		};
		847F22221B6A32AB00A4BDAC /* TestButton */ = {
			isa = PBXGroup;
			children = (
				847F22271B6A32AB00A4BDAC /* AppDelegate.h */,
				847F22281B6A32AB00A4BDAC /* AppDelegate.m */,
				84802DF21BF9BD9E00DF6D78 /* LLBootstrap */,
				847F222A1B6A32AB00A4BDAC /* ViewController.h */,
				847F222B1B6A32AB00A4BDAC /* ViewController.m */,
				847F222D1B6A32AB00A4BDAC /* Main.storyboard */,
				847F22301B6A32AB00A4BDAC /* Images.xcassets */,
				847F22321B6A32AB00A4BDAC /* LaunchScreen.xib */,
				847F22491B6A32C600A4BDAC /* fontawesome-webfont.ttf */,
				847F22231B6A32AB00A4BDAC /* Supporting Files */,
			);
			path = TestButton;
			sourceTree = "<group>";
		};
		847F22231B6A32AB00A4BDAC /* Supporting Files */ = {
			isa = PBXGroup;
			children = (
				847F22241B6A32AB00A4BDAC /* Info.plist */,
				847F22251B6A32AB00A4BDAC /* main.m */,
			);
			name = "Supporting Files";
			sourceTree = "<group>";
		};
		847F223C1B6A32AB00A4BDAC /* TestButtonTests */ = {
			isa = PBXGroup;
			children = (
				847F223F1B6A32AB00A4BDAC /* TestButtonTests.m */,
				847F223D1B6A32AB00A4BDAC /* Supporting Files */,
			);
			path = TestButtonTests;
			sourceTree = "<group>";
		};
		847F223D1B6A32AB00A4BDAC /* Supporting Files */ = {
			isa = PBXGroup;
			children = (
				847F223E1B6A32AB00A4BDAC /* Info.plist */,
			);
			name = "Supporting Files";
			sourceTree = "<group>";
		};
		84802DF21BF9BD9E00DF6D78 /* LLBootstrap */ = {
			isa = PBXGroup;
			children = (
				84802DFC1BF9CB5800DF6D78 /* UIButton+LLBootstrap.h */,
				84802DFD1BF9CB5800DF6D78 /* UIButton+LLBootstrap.m */,
				84802DF61BF9BF6700DF6D78 /* NSString+LLBootstrapString.h */,
				84802DF71BF9BF6700DF6D78 /* NSString+LLBootstrapString.m */,
				84802DF91BF9C2E100DF6D78 /* UITextView+LLBootstrapText.h */,
				84802DFA1BF9C2E100DF6D78 /* UITextView+LLBootstrapText.m */,
			);
			path = LLBootstrap;
			sourceTree = "<group>";
		};
/* End PBXGroup section */

/* Begin PBXNativeTarget section */
		847F221F1B6A32AB00A4BDAC /* TestButton */ = {
			isa = PBXNativeTarget;
			buildConfigurationList = 847F22431B6A32AB00A4BDAC /* Build configuration list for PBXNativeTarget "TestButton" */;
			buildPhases = (
				847F221C1B6A32AB00A4BDAC /* Sources */,
				847F221D1B6A32AB00A4BDAC /* Frameworks */,
				847F221E1B6A32AB00A4BDAC /* Resources */,
			);
			buildRules = (
			);
			dependencies = (
			);
			name = TestButton;
			productName = TestButton;
			productReference = 847F22201B6A32AB00A4BDAC /* TestButton.app */;
			productType = "com.apple.product-type.application";
		};
		847F22381B6A32AB00A4BDAC /* TestButtonTests */ = {
			isa = PBXNativeTarget;
			buildConfigurationList = 847F22461B6A32AB00A4BDAC /* Build configuration list for PBXNativeTarget "TestButtonTests" */;
			buildPhases = (
				847F22351B6A32AB00A4BDAC /* Sources */,
				847F22361B6A32AB00A4BDAC /* Frameworks */,
				847F22371B6A32AB00A4BDAC /* Resources */,
			);
			buildRules = (
			);
			dependencies = (
				847F223B1B6A32AB00A4BDAC /* PBXTargetDependency */,
			);
			name = TestButtonTests;
			productName = TestButtonTests;
			productReference = 847F22391B6A32AB00A4BDAC /* TestButtonTests.xctest */;
			productType = "com.apple.product-type.bundle.unit-test";
		};
/* End PBXNativeTarget section */

/* Begin PBXProject section */
		847F22181B6A32AB00A4BDAC /* Project object */ = {
			isa = PBXProject;
			attributes = {
				LastUpgradeCheck = 0630;
				ORGANIZATIONNAME = LiLei;
				TargetAttributes = {
					847F221F1B6A32AB00A4BDAC = {
						CreatedOnToolsVersion = 6.3.2;
					};
					847F22381B6A32AB00A4BDAC = {
						CreatedOnToolsVersion = 6.3.2;
						TestTargetID = 847F221F1B6A32AB00A4BDAC;
					};
				};
			};
			buildConfigurationList = 847F221B1B6A32AB00A4BDAC /* Build configuration list for PBXProject "TestButton" */;
			compatibilityVersion = "Xcode 3.2";
			developmentRegion = English;
			hasScannedForEncodings = 0;
			knownRegions = (
				en,
				Base,
			);
			mainGroup = 847F22171B6A32AB00A4BDAC;
			productRefGroup = 847F22211B6A32AB00A4BDAC /* Products */;
			projectDirPath = "";
			projectRoot = "";
			targets = (
				847F221F1B6A32AB00A4BDAC /* TestButton */,
				847F22381B6A32AB00A4BDAC /* TestButtonTests */,
			);
		};
/* End PBXProject section */

/* Begin PBXResourcesBuildPhase section */
		847F221E1B6A32AB00A4BDAC /* Resources */ = {
			isa = PBXResourcesBuildPhase;
			buildActionMask = 2147483647;
			files = (
				847F222F1B6A32AB00A4BDAC /* Main.storyboard in Resources */,
				847F224A1B6A32C600A4BDAC /* fontawesome-webfont.ttf in Resources */,
				847F22341B6A32AB00A4BDAC /* LaunchScreen.xib in Resources */,
				847F22311B6A32AB00A4BDAC /* Images.xcassets in Resources */,
			);
			runOnlyForDeploymentPostprocessing = 0;
		};
		847F22371B6A32AB00A4BDAC /* Resources */ = {
			isa = PBXResourcesBuildPhase;
			buildActionMask = 2147483647;
			files = (
			);
			runOnlyForDeploymentPostprocessing = 0;
		};
/* End PBXResourcesBuildPhase section */

/* Begin PBXSourcesBuildPhase section */
		847F221C1B6A32AB00A4BDAC /* Sources */ = {
			isa = PBXSourcesBuildPhase;
			buildActionMask = 2147483647;
			files = (
				847F222C1B6A32AB00A4BDAC /* ViewController.m in Sources */,
				84802DF81BF9BF6700DF6D78 /* NSString+LLBootstrapString.m in Sources */,
				84802DFE1BF9CB5800DF6D78 /* UIButton+LLBootstrap.m in Sources */,
				847F22291B6A32AB00A4BDAC /* AppDelegate.m in Sources */,
				847F22261B6A32AB00A4BDAC /* main.m in Sources */,
				84802DFB1BF9C2E100DF6D78 /* UITextView+LLBootstrapText.m in Sources */,
			);
			runOnlyForDeploymentPostprocessing = 0;
		};
		847F22351B6A32AB00A4BDAC /* Sources */ = {
			isa = PBXSourcesBuildPhase;
			buildActionMask = 2147483647;
			files = (
				847F22401B6A32AB00A4BDAC /* TestButtonTests.m in Sources */,
			);
			runOnlyForDeploymentPostprocessing = 0;
		};
/* End PBXSourcesBuildPhase section */

/* Begin PBXTargetDependency section */
		847F223B1B6A32AB00A4BDAC /* PBXTargetDependency */ = {
			isa = PBXTargetDependency;
			target = 847F221F1B6A32AB00A4BDAC /* TestButton */;
			targetProxy = 847F223A1B6A32AB00A4BDAC /* PBXContainerItemProxy */;
		};
/* End PBXTargetDependency section */

/* Begin PBXVariantGroup section */
		847F222D1B6A32AB00A4BDAC /* Main.storyboard */ = {
			isa = PBXVariantGroup;
			children = (
				847F222E1B6A32AB00A4BDAC /* Base */,
			);
			name = Main.storyboard;
			sourceTree = "<group>";
		};
		847F22321B6A32AB00A4BDAC /* LaunchScreen.xib */ = {
			isa = PBXVariantGroup;
			children = (
				847F22331B6A32AB00A4BDAC /* Base */,
			);
			name = LaunchScreen.xib;
			sourceTree = "<group>";
		};
/* End PBXVariantGroup section */

/* Begin XCBuildConfiguration section */
		847F22411B6A32AB00A4BDAC /* Debug */ = {
			isa = XCBuildConfiguration;
			buildSettings = {
				ALWAYS_SEARCH_USER_PATHS = NO;
				CLANG_CXX_LANGUAGE_STANDARD = "gnu++0x";
				CLANG_CXX_LIBRARY = "libc++";
				CLANG_ENABLE_MODULES = YES;
				CLANG_ENABLE_OBJC_ARC = YES;
				CLANG_WARN_BOOL_CONVERSION = YES;
				CLANG_WARN_CONSTANT_CONVERSION = YES;
				CLANG_WARN_DIRECT_OBJC_ISA_USAGE = YES_ERROR;
				CLANG_WARN_EMPTY_BODY = YES;
				CLANG_WARN_ENUM_CONVERSION = YES;
				CLANG_WARN_INT_CONVERSION = YES;
				CLANG_WARN_OBJC_ROOT_CLASS = YES_ERROR;
				CLANG_WARN_UNREACHABLE_CODE = YES;
				CLANG_WARN__DUPLICATE_METHOD_MATCH = YES;
				"CODE_SIGN_IDENTITY[sdk=iphoneos*]" = "iPhone Developer";
				COPY_PHASE_STRIP = NO;
				DEBUG_INFORMATION_FORMAT = "dwarf-with-dsym";
				ENABLE_STRICT_OBJC_MSGSEND = YES;
				GCC_C_LANGUAGE_STANDARD = gnu99;
				GCC_DYNAMIC_NO_PIC = NO;
				GCC_NO_COMMON_BLOCKS = YES;
				GCC_OPTIMIZATION_LEVEL = 0;
				GCC_PREPROCESSOR_DEFINITIONS = (
					"DEBUG=1",
					"$(inherited)",
				);
				GCC_SYMBOLS_PRIVATE_EXTERN = NO;
				GCC_WARN_64_TO_32_BIT_CONVERSION = YES;
				GCC_WARN_ABOUT_RETURN_TYPE = YES_ERROR;
				GCC_WARN_UNDECLARED_SELECTOR = YES;
				GCC_WARN_UNINITIALIZED_AUTOS = YES_AGGRESSIVE;
				GCC_WARN_UNUSED_FUNCTION = YES;
				GCC_WARN_UNUSED_VARIABLE = YES;
				IPHONEOS_DEPLOYMENT_TARGET = 8.3;
				MTL_ENABLE_DEBUG_INFO = YES;
				ONLY_ACTIVE_ARCH = YES;
				SDKROOT = iphoneos;
			};
			name = Debug;
		};
		847F22421B6A32AB00A4BDAC /* Release */ = {
			isa = XCBuildConfiguration;
			buildSettings = {
				ALWAYS_SEARCH_USER_PATHS = NO;
				CLANG_CXX_LANGUAGE_STANDARD = "gnu++0x";
				CLANG_CXX_LIBRARY = "libc++";
				CLANG_ENABLE_MODULES = YES;
				CLANG_ENABLE_OBJC_ARC = YES;
				CLANG_WARN_BOOL_CONVERSION = YES;
				CLANG_WARN_CONSTANT_CONVERSION = YES;
				CLANG_WARN_DIRECT_OBJC_ISA_USAGE = YES_ERROR;
				CLANG_WARN_EMPTY_BODY = YES;
				CLANG_WARN_ENUM_CONVERSION = YES;
				CLANG_WARN_INT_CONVERSION = YES;
				CLANG_WARN_OBJC_ROOT_CLASS = YES_ERROR;
				CLANG_WARN_UNREACHABLE_CODE = YES;
				CLANG_WARN__DUPLICATE_METHOD_MATCH = YES;
				"CODE_SIGN_IDENTITY[sdk=iphoneos*]" = "iPhone Developer";
				COPY_PHASE_STRIP = NO;
				DEBUG_INFORMATION_FORMAT = "dwarf-with-dsym";
				ENABLE_NS_ASSERTIONS = NO;
				ENABLE_STRICT_OBJC_MSGSEND = YES;
				GCC_C_LANGUAGE_STANDARD = gnu99;
				GCC_NO_COMMON_BLOCKS = YES;
				GCC_WARN_64_TO_32_BIT_CONVERSION = YES;
				GCC_WARN_ABOUT_RETURN_TYPE = YES_ERROR;
				GCC_WARN_UNDECLARED_SELECTOR = YES;
				GCC_WARN_UNINITIALIZED_AUTOS = YES_AGGRESSIVE;
				GCC_WARN_UNUSED_FUNCTION = YES;
				GCC_WARN_UNUSED_VARIABLE = YES;
				IPHONEOS_DEPLOYMENT_TARGET = 8.3;
				MTL_ENABLE_DEBUG_INFO = NO;
				SDKROOT = iphoneos;
				VALIDATE_PRODUCT = YES;
			};
			name = Release;
		};
		847F22441B6A32AB00A4BDAC /* Debug */ = {
			isa = XCBuildConfiguration;
			buildSettings = {
				ASSETCATALOG_COMPILER_APPICON_NAME = AppIcon;
				INFOPLIST_FILE = TestButton/Info.plist;
				LD_RUNPATH_SEARCH_PATHS = "$(inherited) @executable_path/Frameworks";
				PRODUCT_NAME = "$(TARGET_NAME)";
			};
			name = Debug;
		};
		847F22451B6A32AB00A4BDAC /* Release */ = {
			isa = XCBuildConfiguration;
			buildSettings = {
				ASSETCATALOG_COMPILER_APPICON_NAME = AppIcon;
				INFOPLIST_FILE = TestButton/Info.plist;
				LD_RUNPATH_SEARCH_PATHS = "$(inherited) @executable_path/Frameworks";
				PRODUCT_NAME = "$(TARGET_NAME)";
			};
			name = Release;
		};
		847F22471B6A32AB00A4BDAC /* Debug */ = {
			isa = XCBuildConfiguration;
			buildSettings = {
				BUNDLE_LOADER = "$(TEST_HOST)";
				FRAMEWORK_SEARCH_PATHS = (
					"$(SDKROOT)/Developer/Library/Frameworks",
					"$(inherited)",
				);
				GCC_PREPROCESSOR_DEFINITIONS = (
					"DEBUG=1",
					"$(inherited)",
				);
				INFOPLIST_FILE = TestButtonTests/Info.plist;
				LD_RUNPATH_SEARCH_PATHS = "$(inherited) @executable_path/Frameworks @loader_path/Frameworks";
				PRODUCT_NAME = "$(TARGET_NAME)";
				TEST_HOST = "$(BUILT_PRODUCTS_DIR)/TestButton.app/TestButton";
			};
			name = Debug;
		};
		847F22481B6A32AB00A4BDAC /* Release */ = {
			isa = XCBuildConfiguration;
			buildSettings = {
				BUNDLE_LOADER = "$(TEST_HOST)";
				FRAMEWORK_SEARCH_PATHS = (
					"$(SDKROOT)/Developer/Library/Frameworks",
					"$(inherited)",
				);
				INFOPLIST_FILE = TestButtonTests/Info.plist;
				LD_RUNPATH_SEARCH_PATHS = "$(inherited) @executable_path/Frameworks @loader_path/Frameworks";
				PRODUCT_NAME = "$(TARGET_NAME)";
				TEST_HOST = "$(BUILT_PRODUCTS_DIR)/TestButton.app/TestButton";
			};
			name = Release;
		};
/* End XCBuildConfiguration section */

/* Begin XCConfigurationList section */
		847F221B1B6A32AB00A4BDAC /* Build configuration list for PBXProject "TestButton" */ = {
			isa = XCConfigurationList;
			buildConfigurations = (
				847F22411B6A32AB00A4BDAC /* Debug */,
				847F22421B6A32AB00A4BDAC /* Release */,
			);
			defaultConfigurationIsVisible = 0;
			defaultConfigurationName = Release;
		};
		847F22431B6A32AB00A4BDAC /* Build configuration list for PBXNativeTarget "TestButton" */ = {
			isa = XCConfigurationList;
			buildConfigurations = (
				847F22441B6A32AB00A4BDAC /* Debug */,
				847F22451B6A32AB00A4BDAC /* Release */,
			);
			defaultConfigurationIsVisible = 0;
			defaultConfigurationName = Release;
		};
		847F22461B6A32AB00A4BDAC /* Build configuration list for PBXNativeTarget "TestButtonTests" */ = {
			isa = XCConfigurationList;
			buildConfigurations = (
				847F22471B6A32AB00A4BDAC /* Debug */,
				847F22481B6A32AB00A4BDAC /* Release */,
			);
			defaultConfigurationIsVisible = 0;
			defaultConfigurationName = Release;
		};
/* End XCConfigurationList section */
	};
	rootObject = 847F22181B6A32AB00A4BDAC /* Project object */;
}
